
Microsoft Visual Studio Solution File, Format Version 12.00
# Visual Studio Version 17
VisualStudioVersion = 17.13.35806.99
MinimumVisualStudioVersion = 10.0.40219.1
Project("{FAE04EC0-301F-11D3-BF4B-00C04F79EFBC}") = "CourseSelection", "CourseSelection\CourseSelection.csproj", "{7A8E0F35-E4A0-4542-8279-1FCBDD08C291}"
EndProject
Project("{FAE04EC0-301F-11D3-BF4B-00C04F79EFBC}") = "CourseSelection.Service", "CourseSelection.Service\CourseSelection.Service.csproj", "{9B9A9631-AC07-46A1-A613-31156DE575C7}"
EndProject
Project("{FAE04EC0-301F-11D3-BF4B-00C04F79EFBC}") = "CourseSelection.Repository", "CourseSelection.Repository\CourseSelection.Repository.csproj", "{2B5740A1-B47C-4444-94F7-B325FB2C901B}"
EndProject
Project("{FAE04EC0-301F-11D3-BF4B-00C04F79EFBC}") = "CourseSelection.Common", "CourseSelection.Common\CourseSelection.Common.csproj", "{172EB2A6-47FB-4784-A193-CF7CDD8ACBB4}"
EndProject
Global
	GlobalSection(SolutionConfigurationPlatforms) = preSolution
		Debug|Any CPU = Debug|Any CPU
		Release|Any CPU = Release|Any CPU
	EndGlobalSection
	GlobalSection(ProjectConfigurationPlatforms) = postSolution
		{7A8E0F35-E4A0-4542-8279-1FCBDD08C291}.Debug|Any CPU.ActiveCfg = Debug|Any CPU
		{7A8E0F35-E4A0-4542-8279-1FCBDD08C291}.Debug|Any CPU.Build.0 = Debug|Any CPU
		{7A8E0F35-E4A0-4542-8279-1FCBDD08C291}.Release|Any CPU.ActiveCfg = Release|Any CPU
		{7A8E0F35-E4A0-4542-8279-1FCBDD08C291}.Release|Any CPU.Build.0 = Release|Any CPU
		{9B9A9631-AC07-46A1-A613-31156DE575C7}.Debug|Any CPU.ActiveCfg = Debug|Any CPU
		{9B9A9631-AC07-46A1-A613-31156DE575C7}.Debug|Any CPU.Build.0 = Debug|Any CPU
		{9B9A9631-AC07-46A1-A613-31156DE575C7}.Release|Any CPU.ActiveCfg = Release|Any CPU
		{9B9A9631-AC07-46A1-A613-31156DE575C7}.Release|Any CPU.Build.0 = Release|Any CPU
		{2B5740A1-B47C-4444-94F7-B325FB2C901B}.Debug|Any CPU.ActiveCfg = Debug|Any CPU
		{2B5740A1-B47C-4444-94F7-B325FB2C901B}.Debug|Any CPU.Build.0 = Debug|Any CPU
		{2B5740A1-B47C-4444-94F7-B325FB2C901B}.Release|Any CPU.ActiveCfg = Release|Any CPU
		{2B5740A1-B47C-4444-94F7-B325FB2C901B}.Release|Any CPU.Build.0 = Release|Any CPU
		{172EB2A6-47FB-4784-A193-CF7CDD8ACBB4}.Debug|Any CPU.ActiveCfg = Debug|Any CPU
		{172EB2A6-47FB-4784-A193-CF7CDD8ACBB4}.Debug|Any CPU.Build.0 = Debug|Any CPU
		{172EB2A6-47FB-4784-A193-CF7CDD8ACBB4}.Release|Any CPU.ActiveCfg = Release|Any CPU
		{172EB2A6-47FB-4784-A193-CF7CDD8ACBB4}.Release|Any CPU.Build.0 = Release|Any CPU
	EndGlobalSection
	GlobalSection(SolutionProperties) = preSolution
		HideSolutionNode = FALSE
	EndGlobalSection
	GlobalSection(ExtensibilityGlobals) = postSolution
		SolutionGuid = {E2BDFB6B-BC62-4BA4-9693-BC683CC7D1FD}
	EndGlobalSection
EndGlobal
